
Microsoft Visual Studio Solution File, Format Version 12.00
# Visual Studio Version 17
VisualStudioVersion = 17.14.36623.8 d17.14
MinimumVisualStudioVersion = 10.0.40219.1
Project("{FAE04EC0-301F-11D3-BF4B-00C04F79EFBC}") = "TextFileParser", "TextFileParser\TextFileParser.csproj", "{63916E29-12DE-4684-8D26-5E1DB14CAFDD}"
EndProject
Global
	GlobalSection(SolutionConfigurationPlatforms) = preSolution
		Debug|Any CPU = Debug|Any CPU
		Release|Any CPU = Release|Any CPU
	EndGlobalSection
	GlobalSection(ProjectConfigurationPlatforms) = postSolution
		{63916E29-12DE-4684-8D26-5E1DB14CAFDD}.Debug|Any CPU.ActiveCfg = Debug|Any CPU
		{63916E29-12DE-4684-8D26-5E1DB14CAFDD}.Debug|Any CPU.Build.0 = Debug|Any CPU
		{63916E29-12DE-4684-8D26-5E1DB14CAFDD}.Release|Any CPU.ActiveCfg = Release|Any CPU
		{63916E29-12DE-4684-8D26-5E1DB14CAFDD}.Release|Any CPU.Build.0 = Release|Any CPU
	EndGlobalSection
	GlobalSection(SolutionProperties) = preSolution
		HideSolutionNode = FALSE
	EndGlobalSection
	GlobalSection(ExtensibilityGlobals) = postSolution
		SolutionGuid = {86DB91C7-A132-44E3-BECE-78B6A181BA48}
	EndGlobalSection
EndGlobal
